// !$*UTF8*$!
{
	archiveVersion = 1;
	classes = {
	};
	objectVersion = 46;
	objects = {

/* Begin PBXBuildFile section */
		D510A6DE1D5244E700F25DC2 /* RenderWindow.swift in Sources */ = {isa = PBXBuildFile; fileRef = D510A6DD1D5244E700F25DC2 /* RenderWindow.swift */; };
		D58628451D51FF4D0016559D /* AppDelegate.swift in Sources */ = {isa = PBXBuildFile; fileRef = D58628441D51FF4D0016559D /* AppDelegate.swift */; };
		D58628471D51FF4D0016559D /* Assets.xcassets in Resources */ = {isa = PBXBuildFile; fileRef = D58628461D51FF4D0016559D /* Assets.xcassets */; };
		D586284A1D51FF4D0016559D /* MainMenu.xib in Resources */ = {isa = PBXBuildFile; fileRef = D58628481D51FF4D0016559D /* MainMenu.xib */; };
/* End PBXBuildFile section */

/* Begin PBXFileReference section */
		D510A6DD1D5244E700F25DC2 /* RenderWindow.swift */ = {isa = PBXFileReference; fileEncoding = 4; lastKnownFileType = sourcecode.swift; path = RenderWindow.swift; sourceTree = "<group>"; };
		D58628411D51FF4D0016559D /* SwiftRayTracing.app */ = {isa = PBXFileReference; explicitFileType = wrapper.application; includeInIndex = 0; path = SwiftRayTracing.app; sourceTree = BUILT_PRODUCTS_DIR; };
		D58628441D51FF4D0016559D /* AppDelegate.swift */ = {isa = PBXFileReference; lastKnownFileType = sourcecode.swift; path = AppDelegate.swift; sourceTree = "<group>"; };
		D58628461D51FF4D0016559D /* Assets.xcassets */ = {isa = PBXFileReference; lastKnownFileType = folder.assetcatalog; path = Assets.xcassets; sourceTree = "<group>"; };
		D58628491D51FF4D0016559D /* Base */ = {isa = PBXFileReference; lastKnownFileType = file.xib; name = Base; path = Base.lproj/MainMenu.xib; sourceTree = "<group>"; };
		D586284B1D51FF4D0016559D /* Info.plist */ = {isa = PBXFileReference; lastKnownFileType = text.plist.xml; path = Info.plist; sourceTree = "<group>"; };
/* End PBXFileReference section */

/* Begin PBXFrameworksBuildPhase section */
		D586283E1D51FF4D0016559D /* Frameworks */ = {
			isa = PBXFrameworksBuildPhase;
			buildActionMask = 2147483647;
			files = (
			);
			runOnlyForDeploymentPostprocessing = 0;
		};
/* End PBXFrameworksBuildPhase section */

/* Begin PBXGroup section */
		D58628381D51FF4D0016559D = {
			isa = PBXGroup;
			children = (
				D58628431D51FF4D0016559D /* SwiftRayTracing */,
				D58628421D51FF4D0016559D /* Products */,
			);
			sourceTree = "<group>";
		};
		D58628421D51FF4D0016559D /* Products */ = {
			isa = PBXGroup;
			children = (
				D58628411D51FF4D0016559D /* SwiftRayTracing.app */,
			);
			name = Products;
			sourceTree = "<group>";
		};
		D58628431D51FF4D0016559D /* SwiftRayTracing */ = {
			isa = PBXGroup;
			children = (
				D58628441D51FF4D0016559D /* AppDelegate.swift */,
				D58628461D51FF4D0016559D /* Assets.xcassets */,
				D58628481D51FF4D0016559D /* MainMenu.xib */,
				D586284B1D51FF4D0016559D /* Info.plist */,
				D510A6DD1D5244E700F25DC2 /* RenderWindow.swift */,
			);
			path = SwiftRayTracing;
			sourceTree = "<group>";
		};
/* End PBXGroup section */

/* Begin PBXNativeTarget section */
		D58628401D51FF4D0016559D /* SwiftRayTracing */ = {
			isa = PBXNativeTarget;
			buildConfigurationList = D586284E1D51FF4D0016559D /* Build configuration list for PBXNativeTarget "SwiftRayTracing" */;
			buildPhases = (
				D586283D1D51FF4D0016559D /* Sources */,
				D586283E1D51FF4D0016559D /* Frameworks */,
				D586283F1D51FF4D0016559D /* Resources */,
			);
			buildRules = (
			);
			dependencies = (
			);
			name = SwiftRayTracing;
			productName = SwiftRayTracing;
			productReference = D58628411D51FF4D0016559D /* SwiftRayTracing.app */;
			productType = "com.apple.product-type.application";
		};
/* End PBXNativeTarget section */

/* Begin PBXProject section */
		D58628391D51FF4D0016559D /* Project object */ = {
			isa = PBXProject;
			attributes = {
				LastSwiftUpdateCheck = 0800;
				LastUpgradeCheck = 0800;
				ORGANIZATIONNAME = "Peter Young";
				TargetAttributes = {
					D58628401D51FF4D0016559D = {
						CreatedOnToolsVersion = 8.0;
						DevelopmentTeam = 52C6MCVHES;
						ProvisioningStyle = Automatic;
					};
				};
			};
			buildConfigurationList = D586283C1D51FF4D0016559D /* Build configuration list for PBXProject "SwiftRayTracing" */;
			compatibilityVersion = "Xcode 3.2";
			developmentRegion = English;
			hasScannedForEncodings = 0;
			knownRegions = (
				en,
				Base,
			);
			mainGroup = D58628381D51FF4D0016559D;
			productRefGroup = D58628421D51FF4D0016559D /* Products */;
			projectDirPath = "";
			projectRoot = "";
			targets = (
				D58628401D51FF4D0016559D /* SwiftRayTracing */,
			);
		};
/* End PBXProject section */

/* Begin PBXResourcesBuildPhase section */
		D586283F1D51FF4D0016559D /* Resources */ = {
			isa = PBXResourcesBuildPhase;
			buildActionMask = 2147483647;
			files = (
				D58628471D51FF4D0016559D /* Assets.xcassets in Resources */,
				D586284A1D51FF4D0016559D /* MainMenu.xib in Resources */,
			);
			runOnlyForDeploymentPostprocessing = 0;
		};
/* End PBXResourcesBuildPhase section */

/* Begin PBXSourcesBuildPhase section */
		D586283D1D51FF4D0016559D /* Sources */ = {
			isa = PBXSourcesBuildPhase;
			buildActionMask = 2147483647;
			files = (
				D58628451D51FF4D0016559D /* AppDelegate.swift in Sources */,
				D510A6DE1D5244E700F25DC2 /* RenderWindow.swift in Sources */,
			);
			runOnlyForDeploymentPostprocessing = 0;
		};
/* End PBXSourcesBuildPhase section */

/* Begin PBXVariantGroup section */
		D58628481D51FF4D0016559D /* MainMenu.xib */ = {
			isa = PBXVariantGroup;
			children = (
				D58628491D51FF4D0016559D /* Base */,
			);
			name = MainMenu.xib;
			sourceTree = "<group>";
		};
/* End PBXVariantGroup section */

/* Begin XCBuildConfiguration section */
		D586284C1D51FF4D0016559D /* Debug */ = {
			isa = XCBuildConfiguration;
			buildSettings = {
				ALWAYS_SEARCH_USER_PATHS = NO;
				CLANG_ANALYZER_NONNULL = YES;
				CLANG_CXX_LANGUAGE_STANDARD = "gnu++0x";
				CLANG_CXX_LIBRARY = "libc++";
				CLANG_ENABLE_MODULES = YES;
				CLANG_ENABLE_OBJC_ARC = YES;
				CLANG_WARN_BOOL_CONVERSION = YES;
				CLANG_WARN_CONSTANT_CONVERSION = YES;
				CLANG_WARN_DIRECT_OBJC_ISA_USAGE = YES_ERROR;
				CLANG_WARN_DOCUMENTATION_COMMENTS = YES;
				CLANG_WARN_EMPTY_BODY = YES;
				CLANG_WARN_ENUM_CONVERSION = YES;
				CLANG_WARN_INFINITE_RECURSION = YES;
				CLANG_WARN_INT_CONVERSION = YES;
				CLANG_WARN_OBJC_ROOT_CLASS = YES_ERROR;
				CLANG_WARN_SUSPICIOUS_MOVES = YES;
				CLANG_WARN_UNREACHABLE_CODE = YES;
				CLANG_WARN__DUPLICATE_METHOD_MATCH = YES;
				CODE_SIGN_IDENTITY = "-";
				COPY_PHASE_STRIP = NO;
				DEBUG_INFORMATION_FORMAT = dwarf;
				ENABLE_STRICT_OBJC_MSGSEND = YES;
				ENABLE_TESTABILITY = YES;
				GCC_C_LANGUAGE_STANDARD = gnu99;
				GCC_DYNAMIC_NO_PIC = NO;
				GCC_NO_COMMON_BLOCKS = YES;
				GCC_OPTIMIZATION_LEVEL = 0;
				GCC_PREPROCESSOR_DEFINITIONS = (
					"DEBUG=1",
					"$(inherited)",
				);
				GCC_WARN_64_TO_32_BIT_CONVERSION = YES;
				GCC_WARN_ABOUT_RETURN_TYPE = YES_ERROR;
				GCC_WARN_UNDECLARED_SELECTOR = YES;
				GCC_WARN_UNINITIALIZED_AUTOS = YES_AGGRESSIVE;
				GCC_WARN_UNUSED_FUNCTION = YES;
				GCC_WARN_UNUSED_VARIABLE = YES;
				MACOSX_DEPLOYMENT_TARGET = 10.11;
				MTL_ENABLE_DEBUG_INFO = YES;
				ONLY_ACTIVE_ARCH = YES;
				SDKROOT = macosx;
				SWIFT_ACTIVE_COMPILATION_CONDITIONS = DEBUG;
				SWIFT_OPTIMIZATION_LEVEL = "-Onone";
			};
			name = Debug;
		};
		D586284D1D51FF4D0016559D /* Release */ = {
			isa = XCBuildConfiguration;
			buildSettings = {
				ALWAYS_SEARCH_USER_PATHS = NO;
				CLANG_ANALYZER_NONNULL = YES;
				CLANG_CXX_LANGUAGE_STANDARD = "gnu++0x";
				CLANG_CXX_LIBRARY = "libc++";
				CLANG_ENABLE_MODULES = YES;
				CLANG_ENABLE_OBJC_ARC = YES;
				CLANG_WARN_BOOL_CONVERSION = YES;
				CLANG_WARN_CONSTANT_CONVERSION = YES;
				CLANG_WARN_DIRECT_OBJC_ISA_USAGE = YES_ERROR;
				CLANG_WARN_DOCUMENTATION_COMMENTS = YES;
				CLANG_WARN_EMPTY_BODY = YES;
				CLANG_WARN_ENUM_CONVERSION = YES;
				CLANG_WARN_INFINITE_RECURSION = YES;
				CLANG_WARN_INT_CONVERSION = YES;
				CLANG_WARN_OBJC_ROOT_CLASS = YES_ERROR;
				CLANG_WARN_SUSPICIOUS_MOVES = YES;
				CLANG_WARN_UNREACHABLE_CODE = YES;
				CLANG_WARN__DUPLICATE_METHOD_MATCH = YES;
				CODE_SIGN_IDENTITY = "-";
				COPY_PHASE_STRIP = NO;
				DEBUG_INFORMATION_FORMAT = "dwarf-with-dsym";
				ENABLE_NS_ASSERTIONS = NO;
				ENABLE_STRICT_OBJC_MSGSEND = YES;
				GCC_C_LANGUAGE_STANDARD = gnu99;
				GCC_NO_COMMON_BLOCKS = YES;
				GCC_WARN_64_TO_32_BIT_CONVERSION = YES;
				GCC_WARN_ABOUT_RETURN_TYPE = YES_ERROR;
				GCC_WARN_UNDECLARED_SELECTOR = YES;
				GCC_WARN_UNINITIALIZED_AUTOS = YES_AGGRESSIVE;
				GCC_WARN_UNUSED_FUNCTION = YES;
				GCC_WARN_UNUSED_VARIABLE = YES;
				MACOSX_DEPLOYMENT_TARGET = 10.11;
				MTL_ENABLE_DEBUG_INFO = NO;
				SDKROOT = macosx;
				SWIFT_OPTIMIZATION_LEVEL = "-Owholemodule";
			};
			name = Release;
		};
		D586284F1D51FF4D0016559D /* Debug */ = {
			isa = XCBuildConfiguration;
			buildSettings = {
				ASSETCATALOG_COMPILER_APPICON_NAME = AppIcon;
				COMBINE_HIDPI_IMAGES = YES;
				DEVELOPMENT_TEAM = 52C6MCVHES;
				INFOPLIST_FILE = SwiftRayTracing/Info.plist;
				LD_RUNPATH_SEARCH_PATHS = "$(inherited) @executable_path/../Frameworks";
				PRODUCT_BUNDLE_IDENTIFIER = com.young40.SwiftRayTracing;
				PRODUCT_NAME = "$(TARGET_NAME)";
				SWIFT_VERSION = 3.0;
			};
			name = Debug;
		};
		D58628501D51FF4D0016559D /* Release */ = {
			isa = XCBuildConfiguration;
			buildSettings = {
				ASSETCATALOG_COMPILER_APPICON_NAME = AppIcon;
				COMBINE_HIDPI_IMAGES = YES;
				DEVELOPMENT_TEAM = 52C6MCVHES;
				INFOPLIST_FILE = SwiftRayTracing/Info.plist;
				LD_RUNPATH_SEARCH_PATHS = "$(inherited) @executable_path/../Frameworks";
				PRODUCT_BUNDLE_IDENTIFIER = com.young40.SwiftRayTracing;
				PRODUCT_NAME = "$(TARGET_NAME)";
				SWIFT_VERSION = 3.0;
			};
			name = Release;
		};
/* End XCBuildConfiguration section */

/* Begin XCConfigurationList section */
		D586283C1D51FF4D0016559D /* Build configuration list for PBXProject "SwiftRayTracing" */ = {
			isa = XCConfigurationList;
			buildConfigurations = (
				D586284C1D51FF4D0016559D /* Debug */,
				D586284D1D51FF4D0016559D /* Release */,
			);
			defaultConfigurationIsVisible = 0;
			defaultConfigurationName = Release;
		};
		D586284E1D51FF4D0016559D /* Build configuration list for PBXNativeTarget "SwiftRayTracing" */ = {
			isa = XCConfigurationList;
			buildConfigurations = (
				D586284F1D51FF4D0016559D /* Debug */,
				D58628501D51FF4D0016559D /* Release */,
			);
			defaultConfigurationIsVisible = 0;
			defaultConfigurationName = Release;
		};
/* End XCConfigurationList section */
	};
	rootObject = D58628391D51FF4D0016559D /* Project object */;
}
